
Microsoft Visual Studio Solution File, Format Version 12.00
# Visual Studio Version 17
VisualStudioVersion = 17.14.36301.6
MinimumVisualStudioVersion = 10.0.40219.1
Project("{8BC9CEB8-8B4A-11D0-8D11-00A0C91BC942}") = "1.Array", "1.Array\1.Array.vcxproj", "{DC3E41BC-4A9D-43C8-99AA-52DE408B55A1}"
EndProject
Project("{8BC9CEB8-8B4A-11D0-8D11-00A0C91BC942}") = "2.Vector", "2.Vector\2.Vector.vcxproj", "{687E478B-85A4-4BA7-8788-2599C4D61844}"
EndProject
Project("{8BC9CEB8-8B4A-11D0-8D11-00A0C91BC942}") = "3.Recursive", "Recursive\Recursive.vcxproj", "{678F3A35-493A-43B3-9B44-53E747A9FF10}"
EndProject
Project("{8BC9CEB8-8B4A-11D0-8D11-00A0C91BC942}") = "4.LinkedList", "3.LinkedList\3.LinkedList.vcxproj", "{F64FDD5D-FA2D-4ABC-8E60-26DAA39CEFC8}"
EndProject
Project("{8BC9CEB8-8B4A-11D0-8D11-00A0C91BC942}") = "5.DoubleLinkedList", "5.DoubleLinkedList\5.DoubleLinkedList.vcxproj", "{C33E7170-0F34-43FE-882C-26D05784BFE0}"
EndProject
Project("{8BC9CEB8-8B4A-11D0-8D11-00A0C91BC942}") = "6.Stack", "6.Stack\6.Stack.vcxproj", "{9D411A92-119A-4B09-9411-CFA631B3EB53}"
EndProject
Project("{8BC9CEB8-8B4A-11D0-8D11-00A0C91BC942}") = "7.StackMaze", "7.StackMaze\7.StackMaze.vcxproj", "{9D942D4D-E8C9-4DFF-8AB9-50D2B5E40771}"
EndProject
Project("{8BC9CEB8-8B4A-11D0-8D11-00A0C91BC942}") = "7-2.StackMaze2", "7-2.StackMaze2\7-2.StackMaze2.vcxproj", "{7EE53BAE-4799-43CD-A3F1-BD1B705CFF25}"
EndProject
Global
	GlobalSection(SolutionConfigurationPlatforms) = preSolution
		Debug|x64 = Debug|x64
		Debug|x86 = Debug|x86
		Release|x64 = Release|x64
		Release|x86 = Release|x86
	EndGlobalSection
	GlobalSection(ProjectConfigurationPlatforms) = postSolution
		{DC3E41BC-4A9D-43C8-99AA-52DE408B55A1}.Debug|x64.ActiveCfg = Debug|x64
		{DC3E41BC-4A9D-43C8-99AA-52DE408B55A1}.Debug|x64.Build.0 = Debug|x64
		{DC3E41BC-4A9D-43C8-99AA-52DE408B55A1}.Debug|x86.ActiveCfg = Debug|Win32
		{DC3E41BC-4A9D-43C8-99AA-52DE408B55A1}.Debug|x86.Build.0 = Debug|Win32
		{DC3E41BC-4A9D-43C8-99AA-52DE408B55A1}.Release|x64.ActiveCfg = Release|x64
		{DC3E41BC-4A9D-43C8-99AA-52DE408B55A1}.Release|x64.Build.0 = Release|x64
		{DC3E41BC-4A9D-43C8-99AA-52DE408B55A1}.Release|x86.ActiveCfg = Release|Win32
		{DC3E41BC-4A9D-43C8-99AA-52DE408B55A1}.Release|x86.Build.0 = Release|Win32
		{687E478B-85A4-4BA7-8788-2599C4D61844}.Debug|x64.ActiveCfg = Debug|x64
		{687E478B-85A4-4BA7-8788-2599C4D61844}.Debug|x64.Build.0 = Debug|x64
		{687E478B-85A4-4BA7-8788-2599C4D61844}.Debug|x86.ActiveCfg = Debug|Win32
		{687E478B-85A4-4BA7-8788-2599C4D61844}.Debug|x86.Build.0 = Debug|Win32
		{687E478B-85A4-4BA7-8788-2599C4D61844}.Release|x64.ActiveCfg = Release|x64
		{687E478B-85A4-4BA7-8788-2599C4D61844}.Release|x64.Build.0 = Release|x64
		{687E478B-85A4-4BA7-8788-2599C4D61844}.Release|x86.ActiveCfg = Release|Win32
		{687E478B-85A4-4BA7-8788-2599C4D61844}.Release|x86.Build.0 = Release|Win32
		{678F3A35-493A-43B3-9B44-53E747A9FF10}.Debug|x64.ActiveCfg = Debug|x64
		{678F3A35-493A-43B3-9B44-53E747A9FF10}.Debug|x64.Build.0 = Debug|x64
		{678F3A35-493A-43B3-9B44-53E747A9FF10}.Debug|x86.ActiveCfg = Debug|Win32
		{678F3A35-493A-43B3-9B44-53E747A9FF10}.Debug|x86.Build.0 = Debug|Win32
		{678F3A35-493A-43B3-9B44-53E747A9FF10}.Release|x64.ActiveCfg = Release|x64
		{678F3A35-493A-43B3-9B44-53E747A9FF10}.Release|x64.Build.0 = Release|x64
		{678F3A35-493A-43B3-9B44-53E747A9FF10}.Release|x86.ActiveCfg = Release|Win32
		{678F3A35-493A-43B3-9B44-53E747A9FF10}.Release|x86.Build.0 = Release|Win32
		{F64FDD5D-FA2D-4ABC-8E60-26DAA39CEFC8}.Debug|x64.ActiveCfg = Debug|x64
		{F64FDD5D-FA2D-4ABC-8E60-26DAA39CEFC8}.Debug|x64.Build.0 = Debug|x64
		{F64FDD5D-FA2D-4ABC-8E60-26DAA39CEFC8}.Debug|x86.ActiveCfg = Debug|Win32
		{F64FDD5D-FA2D-4ABC-8E60-26DAA39CEFC8}.Debug|x86.Build.0 = Debug|Win32
		{F64FDD5D-FA2D-4ABC-8E60-26DAA39CEFC8}.Release|x64.ActiveCfg = Release|x64
		{F64FDD5D-FA2D-4ABC-8E60-26DAA39CEFC8}.Release|x64.Build.0 = Release|x64
		{F64FDD5D-FA2D-4ABC-8E60-26DAA39CEFC8}.Release|x86.ActiveCfg = Release|Win32
		{F64FDD5D-FA2D-4ABC-8E60-26DAA39CEFC8}.Release|x86.Build.0 = Release|Win32
		{C33E7170-0F34-43FE-882C-26D05784BFE0}.Debug|x64.ActiveCfg = Debug|x64
		{C33E7170-0F34-43FE-882C-26D05784BFE0}.Debug|x64.Build.0 = Debug|x64
		{C33E7170-0F34-43FE-882C-26D05784BFE0}.Debug|x86.ActiveCfg = Debug|Win32
		{C33E7170-0F34-43FE-882C-26D05784BFE0}.Debug|x86.Build.0 = Debug|Win32
		{C33E7170-0F34-43FE-882C-26D05784BFE0}.Release|x64.ActiveCfg = Release|x64
		{C33E7170-0F34-43FE-882C-26D05784BFE0}.Release|x64.Build.0 = Release|x64
		{C33E7170-0F34-43FE-882C-26D05784BFE0}.Release|x86.ActiveCfg = Release|Win32
		{C33E7170-0F34-43FE-882C-26D05784BFE0}.Release|x86.Build.0 = Release|Win32
		{9D411A92-119A-4B09-9411-CFA631B3EB53}.Debug|x64.ActiveCfg = Debug|x64
		{9D411A92-119A-4B09-9411-CFA631B3EB53}.Debug|x64.Build.0 = Debug|x64
		{9D411A92-119A-4B09-9411-CFA631B3EB53}.Debug|x86.ActiveCfg = Debug|Win32
		{9D411A92-119A-4B09-9411-CFA631B3EB53}.Debug|x86.Build.0 = Debug|Win32
		{9D411A92-119A-4B09-9411-CFA631B3EB53}.Release|x64.ActiveCfg = Release|x64
		{9D411A92-119A-4B09-9411-CFA631B3EB53}.Release|x64.Build.0 = Release|x64
		{9D411A92-119A-4B09-9411-CFA631B3EB53}.Release|x86.ActiveCfg = Release|Win32
		{9D411A92-119A-4B09-9411-CFA631B3EB53}.Release|x86.Build.0 = Release|Win32
		{9D942D4D-E8C9-4DFF-8AB9-50D2B5E40771}.Debug|x64.ActiveCfg = Debug|x64
		{9D942D4D-E8C9-4DFF-8AB9-50D2B5E40771}.Debug|x64.Build.0 = Debug|x64
		{9D942D4D-E8C9-4DFF-8AB9-50D2B5E40771}.Debug|x86.ActiveCfg = Debug|Win32
		{9D942D4D-E8C9-4DFF-8AB9-50D2B5E40771}.Debug|x86.Build.0 = Debug|Win32
		{9D942D4D-E8C9-4DFF-8AB9-50D2B5E40771}.Release|x64.ActiveCfg = Release|x64
		{9D942D4D-E8C9-4DFF-8AB9-50D2B5E40771}.Release|x64.Build.0 = Release|x64
		{9D942D4D-E8C9-4DFF-8AB9-50D2B5E40771}.Release|x86.ActiveCfg = Release|Win32
		{9D942D4D-E8C9-4DFF-8AB9-50D2B5E40771}.Release|x86.Build.0 = Release|Win32
		{7EE53BAE-4799-43CD-A3F1-BD1B705CFF25}.Debug|x64.ActiveCfg = Debug|x64
		{7EE53BAE-4799-43CD-A3F1-BD1B705CFF25}.Debug|x64.Build.0 = Debug|x64
		{7EE53BAE-4799-43CD-A3F1-BD1B705CFF25}.Debug|x86.ActiveCfg = Debug|Win32
		{7EE53BAE-4799-43CD-A3F1-BD1B705CFF25}.Debug|x86.Build.0 = Debug|Win32
		{7EE53BAE-4799-43CD-A3F1-BD1B705CFF25}.Release|x64.ActiveCfg = Release|x64
		{7EE53BAE-4799-43CD-A3F1-BD1B705CFF25}.Release|x64.Build.0 = Release|x64
		{7EE53BAE-4799-43CD-A3F1-BD1B705CFF25}.Release|x86.ActiveCfg = Release|Win32
		{7EE53BAE-4799-43CD-A3F1-BD1B705CFF25}.Release|x86.Build.0 = Release|Win32
	EndGlobalSection
	GlobalSection(SolutionProperties) = preSolution
		HideSolutionNode = FALSE
	EndGlobalSection
	GlobalSection(ExtensibilityGlobals) = postSolution
		SolutionGuid = {F848E2C1-5B84-4CF5-B471-B18578E42603}
	EndGlobalSection
EndGlobal
