
Microsoft Visual Studio Solution File, Format Version 12.00
# Visual Studio Version 17
VisualStudioVersion = 17.14.36301.6
MinimumVisualStudioVersion = 10.0.40219.1
Project("{8BC9CEB8-8B4A-11D0-8D11-00A0C91BC942}") = "01.Array", "1.Array\1.Array.vcxproj", "{DC3E41BC-4A9D-43C8-99AA-52DE408B55A1}"
EndProject
Project("{8BC9CEB8-8B4A-11D0-8D11-00A0C91BC942}") = "02.Vector", "2.Vector\2.Vector.vcxproj", "{687E478B-85A4-4BA7-8788-2599C4D61844}"
EndProject
Project("{8BC9CEB8-8B4A-11D0-8D11-00A0C91BC942}") = "03.Recursive", "Recursive\Recursive.vcxproj", "{678F3A35-493A-43B3-9B44-53E747A9FF10}"
EndProject
Project("{8BC9CEB8-8B4A-11D0-8D11-00A0C91BC942}") = "04.LinkedList", "3.LinkedList\3.LinkedList.vcxproj", "{F64FDD5D-FA2D-4ABC-8E60-26DAA39CEFC8}"
EndProject
Project("{8BC9CEB8-8B4A-11D0-8D11-00A0C91BC942}") = "05.DoubleLinkedList", "5.DoubleLinkedList\5.DoubleLinkedList.vcxproj", "{C33E7170-0F34-43FE-882C-26D05784BFE0}"
EndProject
Project("{8BC9CEB8-8B4A-11D0-8D11-00A0C91BC942}") = "06.Stack", "6.Stack\6.Stack.vcxproj", "{9D411A92-119A-4B09-9411-CFA631B3EB53}"
EndProject
Project("{8BC9CEB8-8B4A-11D0-8D11-00A0C91BC942}") = "07.StackMaze", "7.StackMaze\7.StackMaze.vcxproj", "{9D942D4D-E8C9-4DFF-8AB9-50D2B5E40771}"
EndProject
Project("{8BC9CEB8-8B4A-11D0-8D11-00A0C91BC942}") = "07-2.StackMaze2", "7-2.StackMaze2\7-2.StackMaze2.vcxproj", "{7EE53BAE-4799-43CD-A3F1-BD1B705CFF25}"
EndProject
Project("{8BC9CEB8-8B4A-11D0-8D11-00A0C91BC942}") = "08.Random", "8.Random\8.Random.vcxproj", "{02938707-A564-4DBA-A475-466284C6A76E}"
EndProject
Project("{8BC9CEB8-8B4A-11D0-8D11-00A0C91BC942}") = "09.BubbleSort", "9.BubbleSort\9.BubbleSort.vcxproj", "{A026A717-818F-414E-B47F-7126249FF150}"
EndProject
Project("{8BC9CEB8-8B4A-11D0-8D11-00A0C91BC942}") = "10.Queue", "10.Queue\10.Queue.vcxproj", "{17737F0B-CCC4-496B-8F77-A738B90BC67F}"
EndProject
Project("{8BC9CEB8-8B4A-11D0-8D11-00A0C91BC942}") = "11.QueueMaze", "11.QueueMaze\11.QueueMaze.vcxproj", "{FB1CC281-935A-4259-B751-E5D6C340FE6E}"
EndProject
Project("{8BC9CEB8-8B4A-11D0-8D11-00A0C91BC942}") = "12.Deque", "12.Deque\12.Deque.vcxproj", "{DEC17150-40F7-4D3D-B8CF-227EA12AA74A}"
EndProject
Global
	GlobalSection(SolutionConfigurationPlatforms) = preSolution
		Debug|x64 = Debug|x64
		Debug|x86 = Debug|x86
		Release|x64 = Release|x64
		Release|x86 = Release|x86
	EndGlobalSection
	GlobalSection(ProjectConfigurationPlatforms) = postSolution
		{DC3E41BC-4A9D-43C8-99AA-52DE408B55A1}.Debug|x64.ActiveCfg = Debug|x64
		{DC3E41BC-4A9D-43C8-99AA-52DE408B55A1}.Debug|x64.Build.0 = Debug|x64
		{DC3E41BC-4A9D-43C8-99AA-52DE408B55A1}.Debug|x86.ActiveCfg = Debug|Win32
		{DC3E41BC-4A9D-43C8-99AA-52DE408B55A1}.Debug|x86.Build.0 = Debug|Win32
		{DC3E41BC-4A9D-43C8-99AA-52DE408B55A1}.Release|x64.ActiveCfg = Release|x64
		{DC3E41BC-4A9D-43C8-99AA-52DE408B55A1}.Release|x64.Build.0 = Release|x64
		{DC3E41BC-4A9D-43C8-99AA-52DE408B55A1}.Release|x86.ActiveCfg = Release|Win32
		{DC3E41BC-4A9D-43C8-99AA-52DE408B55A1}.Release|x86.Build.0 = Release|Win32
		{687E478B-85A4-4BA7-8788-2599C4D61844}.Debug|x64.ActiveCfg = Debug|x64
		{687E478B-85A4-4BA7-8788-2599C4D61844}.Debug|x64.Build.0 = Debug|x64
		{687E478B-85A4-4BA7-8788-2599C4D61844}.Debug|x86.ActiveCfg = Debug|Win32
		{687E478B-85A4-4BA7-8788-2599C4D61844}.Debug|x86.Build.0 = Debug|Win32
		{687E478B-85A4-4BA7-8788-2599C4D61844}.Release|x64.ActiveCfg = Release|x64
		{687E478B-85A4-4BA7-8788-2599C4D61844}.Release|x64.Build.0 = Release|x64
		{687E478B-85A4-4BA7-8788-2599C4D61844}.Release|x86.ActiveCfg = Release|Win32
		{687E478B-85A4-4BA7-8788-2599C4D61844}.Release|x86.Build.0 = Release|Win32
		{678F3A35-493A-43B3-9B44-53E747A9FF10}.Debug|x64.ActiveCfg = Debug|x64
		{678F3A35-493A-43B3-9B44-53E747A9FF10}.Debug|x64.Build.0 = Debug|x64
		{678F3A35-493A-43B3-9B44-53E747A9FF10}.Debug|x86.ActiveCfg = Debug|Win32
		{678F3A35-493A-43B3-9B44-53E747A9FF10}.Debug|x86.Build.0 = Debug|Win32
		{678F3A35-493A-43B3-9B44-53E747A9FF10}.Release|x64.ActiveCfg = Release|x64
		{678F3A35-493A-43B3-9B44-53E747A9FF10}.Release|x64.Build.0 = Release|x64
		{678F3A35-493A-43B3-9B44-53E747A9FF10}.Release|x86.ActiveCfg = Release|Win32
		{678F3A35-493A-43B3-9B44-53E747A9FF10}.Release|x86.Build.0 = Release|Win32
		{F64FDD5D-FA2D-4ABC-8E60-26DAA39CEFC8}.Debug|x64.ActiveCfg = Debug|x64
		{F64FDD5D-FA2D-4ABC-8E60-26DAA39CEFC8}.Debug|x64.Build.0 = Debug|x64
		{F64FDD5D-FA2D-4ABC-8E60-26DAA39CEFC8}.Debug|x86.ActiveCfg = Debug|Win32
		{F64FDD5D-FA2D-4ABC-8E60-26DAA39CEFC8}.Debug|x86.Build.0 = Debug|Win32
		{F64FDD5D-FA2D-4ABC-8E60-26DAA39CEFC8}.Release|x64.ActiveCfg = Release|x64
		{F64FDD5D-FA2D-4ABC-8E60-26DAA39CEFC8}.Release|x64.Build.0 = Release|x64
		{F64FDD5D-FA2D-4ABC-8E60-26DAA39CEFC8}.Release|x86.ActiveCfg = Release|Win32
		{F64FDD5D-FA2D-4ABC-8E60-26DAA39CEFC8}.Release|x86.Build.0 = Release|Win32
		{C33E7170-0F34-43FE-882C-26D05784BFE0}.Debug|x64.ActiveCfg = Debug|x64
		{C33E7170-0F34-43FE-882C-26D05784BFE0}.Debug|x64.Build.0 = Debug|x64
		{C33E7170-0F34-43FE-882C-26D05784BFE0}.Debug|x86.ActiveCfg = Debug|Win32
		{C33E7170-0F34-43FE-882C-26D05784BFE0}.Debug|x86.Build.0 = Debug|Win32
		{C33E7170-0F34-43FE-882C-26D05784BFE0}.Release|x64.ActiveCfg = Release|x64
		{C33E7170-0F34-43FE-882C-26D05784BFE0}.Release|x64.Build.0 = Release|x64
		{C33E7170-0F34-43FE-882C-26D05784BFE0}.Release|x86.ActiveCfg = Release|Win32
		{C33E7170-0F34-43FE-882C-26D05784BFE0}.Release|x86.Build.0 = Release|Win32
		{9D411A92-119A-4B09-9411-CFA631B3EB53}.Debug|x64.ActiveCfg = Debug|x64
		{9D411A92-119A-4B09-9411-CFA631B3EB53}.Debug|x64.Build.0 = Debug|x64
		{9D411A92-119A-4B09-9411-CFA631B3EB53}.Debug|x86.ActiveCfg = Debug|Win32
		{9D411A92-119A-4B09-9411-CFA631B3EB53}.Debug|x86.Build.0 = Debug|Win32
		{9D411A92-119A-4B09-9411-CFA631B3EB53}.Release|x64.ActiveCfg = Release|x64
		{9D411A92-119A-4B09-9411-CFA631B3EB53}.Release|x64.Build.0 = Release|x64
		{9D411A92-119A-4B09-9411-CFA631B3EB53}.Release|x86.ActiveCfg = Release|Win32
		{9D411A92-119A-4B09-9411-CFA631B3EB53}.Release|x86.Build.0 = Release|Win32
		{9D942D4D-E8C9-4DFF-8AB9-50D2B5E40771}.Debug|x64.ActiveCfg = Debug|x64
		{9D942D4D-E8C9-4DFF-8AB9-50D2B5E40771}.Debug|x64.Build.0 = Debug|x64
		{9D942D4D-E8C9-4DFF-8AB9-50D2B5E40771}.Debug|x86.ActiveCfg = Debug|Win32
		{9D942D4D-E8C9-4DFF-8AB9-50D2B5E40771}.Debug|x86.Build.0 = Debug|Win32
		{9D942D4D-E8C9-4DFF-8AB9-50D2B5E40771}.Release|x64.ActiveCfg = Release|x64
		{9D942D4D-E8C9-4DFF-8AB9-50D2B5E40771}.Release|x64.Build.0 = Release|x64
		{9D942D4D-E8C9-4DFF-8AB9-50D2B5E40771}.Release|x86.ActiveCfg = Release|Win32
		{9D942D4D-E8C9-4DFF-8AB9-50D2B5E40771}.Release|x86.Build.0 = Release|Win32
		{7EE53BAE-4799-43CD-A3F1-BD1B705CFF25}.Debug|x64.ActiveCfg = Debug|x64
		{7EE53BAE-4799-43CD-A3F1-BD1B705CFF25}.Debug|x64.Build.0 = Debug|x64
		{7EE53BAE-4799-43CD-A3F1-BD1B705CFF25}.Debug|x86.ActiveCfg = Debug|Win32
		{7EE53BAE-4799-43CD-A3F1-BD1B705CFF25}.Debug|x86.Build.0 = Debug|Win32
		{7EE53BAE-4799-43CD-A3F1-BD1B705CFF25}.Release|x64.ActiveCfg = Release|x64
		{7EE53BAE-4799-43CD-A3F1-BD1B705CFF25}.Release|x64.Build.0 = Release|x64
		{7EE53BAE-4799-43CD-A3F1-BD1B705CFF25}.Release|x86.ActiveCfg = Release|Win32
		{7EE53BAE-4799-43CD-A3F1-BD1B705CFF25}.Release|x86.Build.0 = Release|Win32
		{02938707-A564-4DBA-A475-466284C6A76E}.Debug|x64.ActiveCfg = Debug|x64
		{02938707-A564-4DBA-A475-466284C6A76E}.Debug|x64.Build.0 = Debug|x64
		{02938707-A564-4DBA-A475-466284C6A76E}.Debug|x86.ActiveCfg = Debug|Win32
		{02938707-A564-4DBA-A475-466284C6A76E}.Debug|x86.Build.0 = Debug|Win32
		{02938707-A564-4DBA-A475-466284C6A76E}.Release|x64.ActiveCfg = Release|x64
		{02938707-A564-4DBA-A475-466284C6A76E}.Release|x64.Build.0 = Release|x64
		{02938707-A564-4DBA-A475-466284C6A76E}.Release|x86.ActiveCfg = Release|Win32
		{02938707-A564-4DBA-A475-466284C6A76E}.Release|x86.Build.0 = Release|Win32
		{A026A717-818F-414E-B47F-7126249FF150}.Debug|x64.ActiveCfg = Debug|x64
		{A026A717-818F-414E-B47F-7126249FF150}.Debug|x64.Build.0 = Debug|x64
		{A026A717-818F-414E-B47F-7126249FF150}.Debug|x86.ActiveCfg = Debug|Win32
		{A026A717-818F-414E-B47F-7126249FF150}.Debug|x86.Build.0 = Debug|Win32
		{A026A717-818F-414E-B47F-7126249FF150}.Release|x64.ActiveCfg = Release|x64
		{A026A717-818F-414E-B47F-7126249FF150}.Release|x64.Build.0 = Release|x64
		{A026A717-818F-414E-B47F-7126249FF150}.Release|x86.ActiveCfg = Release|Win32
		{A026A717-818F-414E-B47F-7126249FF150}.Release|x86.Build.0 = Release|Win32
		{17737F0B-CCC4-496B-8F77-A738B90BC67F}.Debug|x64.ActiveCfg = Debug|x64
		{17737F0B-CCC4-496B-8F77-A738B90BC67F}.Debug|x64.Build.0 = Debug|x64
		{17737F0B-CCC4-496B-8F77-A738B90BC67F}.Debug|x86.ActiveCfg = Debug|Win32
		{17737F0B-CCC4-496B-8F77-A738B90BC67F}.Debug|x86.Build.0 = Debug|Win32
		{17737F0B-CCC4-496B-8F77-A738B90BC67F}.Release|x64.ActiveCfg = Release|x64
		{17737F0B-CCC4-496B-8F77-A738B90BC67F}.Release|x64.Build.0 = Release|x64
		{17737F0B-CCC4-496B-8F77-A738B90BC67F}.Release|x86.ActiveCfg = Release|Win32
		{17737F0B-CCC4-496B-8F77-A738B90BC67F}.Release|x86.Build.0 = Release|Win32
		{FB1CC281-935A-4259-B751-E5D6C340FE6E}.Debug|x64.ActiveCfg = Debug|x64
		{FB1CC281-935A-4259-B751-E5D6C340FE6E}.Debug|x64.Build.0 = Debug|x64
		{FB1CC281-935A-4259-B751-E5D6C340FE6E}.Debug|x86.ActiveCfg = Debug|Win32
		{FB1CC281-935A-4259-B751-E5D6C340FE6E}.Debug|x86.Build.0 = Debug|Win32
		{FB1CC281-935A-4259-B751-E5D6C340FE6E}.Release|x64.ActiveCfg = Release|x64
		{FB1CC281-935A-4259-B751-E5D6C340FE6E}.Release|x64.Build.0 = Release|x64
		{FB1CC281-935A-4259-B751-E5D6C340FE6E}.Release|x86.ActiveCfg = Release|Win32
		{FB1CC281-935A-4259-B751-E5D6C340FE6E}.Release|x86.Build.0 = Release|Win32
		{DEC17150-40F7-4D3D-B8CF-227EA12AA74A}.Debug|x64.ActiveCfg = Debug|x64
		{DEC17150-40F7-4D3D-B8CF-227EA12AA74A}.Debug|x64.Build.0 = Debug|x64
		{DEC17150-40F7-4D3D-B8CF-227EA12AA74A}.Debug|x86.ActiveCfg = Debug|Win32
		{DEC17150-40F7-4D3D-B8CF-227EA12AA74A}.Debug|x86.Build.0 = Debug|Win32
		{DEC17150-40F7-4D3D-B8CF-227EA12AA74A}.Release|x64.ActiveCfg = Release|x64
		{DEC17150-40F7-4D3D-B8CF-227EA12AA74A}.Release|x64.Build.0 = Release|x64
		{DEC17150-40F7-4D3D-B8CF-227EA12AA74A}.Release|x86.ActiveCfg = Release|Win32
		{DEC17150-40F7-4D3D-B8CF-227EA12AA74A}.Release|x86.Build.0 = Release|Win32
	EndGlobalSection
	GlobalSection(SolutionProperties) = preSolution
		HideSolutionNode = FALSE
	EndGlobalSection
	GlobalSection(ExtensibilityGlobals) = postSolution
		SolutionGuid = {F848E2C1-5B84-4CF5-B471-B18578E42603}
	EndGlobalSection
EndGlobal
